
Microsoft Visual Studio Solution File, Format Version 12.00
# Visual Studio Version 17
VisualStudioVersion = 17.6.33712.159
MinimumVisualStudioVersion = 10.0.40219.1
Project("{2150E333-8FDC-42A3-9474-1A3956D46DE8}") = "4. Models", "4. Models", "{131C6E4D-CF3B-404F-BB11-42C40184E00F}"
EndProject
Project("{9A19103F-16F7-4668-BE54-9A1E7A4F7556}") = "Models", "4. Models\Bills\Bills\Models.csproj", "{367B5294-464E-4A39-B288-5C65AFFD4E53}"
EndProject
Project("{2150E333-8FDC-42A3-9474-1A3956D46DE8}") = "3. Data", "3. Data", "{F58C25EE-FE84-4988-AE19-E7292C0C9563}"
EndProject
Project("{2150E333-8FDC-42A3-9474-1A3956D46DE8}") = "2. Business", "2. Business", "{1AD22232-E943-4D41-8E3A-F8600BEA4F96}"
EndProject
Project("{2150E333-8FDC-42A3-9474-1A3956D46DE8}") = "1. API", "1. API", "{13068B30-D27B-4EFF-8609-5EFC69E932FF}"
EndProject
Project("{2150E333-8FDC-42A3-9474-1A3956D46DE8}") = "Constants", "Constants", "{7F9CBF5E-086D-4CD2-8C43-22DD136B4B57}"
EndProject
Project("{9A19103F-16F7-4668-BE54-9A1E7A4F7556}") = "Constants", "4. Models\Constants\Constants\Constants.csproj", "{6960DB03-5982-4349-A8C8-D74BB2825D64}"
EndProject
Project("{9A19103F-16F7-4668-BE54-9A1E7A4F7556}") = "API", "1. API\API\API.csproj", "{70BFABC1-27BB-4962-B1D8-660D92C22E41}"
EndProject
Project("{2150E333-8FDC-42A3-9474-1A3956D46DE8}") = "DTOs", "DTOs", "{A9ABCFC4-6C09-4026-8201-2846406D7656}"
EndProject
Project("{9A19103F-16F7-4668-BE54-9A1E7A4F7556}") = "DTOs", "4. Models\DTOs\DTOs\DTOs.csproj", "{C8B092E5-01B1-44A3-A267-FCD62973F16A}"
EndProject
Project("{9A19103F-16F7-4668-BE54-9A1E7A4F7556}") = "Data", "3. Data\Bills\Bills\Data.csproj", "{783EFF80-A0F1-485D-B764-F11EB9642987}"
EndProject
Project("{9A19103F-16F7-4668-BE54-9A1E7A4F7556}") = "Business.Capture", "2. Business\Capture\Business.Capture\Business.Capture.csproj", "{1E378CF6-1BDD-46FF-AD51-75E1B33551CA}"
	ProjectSection(ProjectDependencies) = postProject
		{DD502C15-F94D-48ED-8240-2F1C119D4938} = {DD502C15-F94D-48ED-8240-2F1C119D4938}
	EndProjectSection
EndProject
Project("{9A19103F-16F7-4668-BE54-9A1E7A4F7556}") = "Business.Parametrization", "Business.Parametrization\Business.Parametrization.csproj", "{DD502C15-F94D-48ED-8240-2F1C119D4938}"
EndProject
Global
	GlobalSection(SolutionConfigurationPlatforms) = preSolution
		Debug|Any CPU = Debug|Any CPU
		Release|Any CPU = Release|Any CPU
	EndGlobalSection
	GlobalSection(ProjectConfigurationPlatforms) = postSolution
		{367B5294-464E-4A39-B288-5C65AFFD4E53}.Debug|Any CPU.ActiveCfg = Debug|Any CPU
		{367B5294-464E-4A39-B288-5C65AFFD4E53}.Debug|Any CPU.Build.0 = Debug|Any CPU
		{367B5294-464E-4A39-B288-5C65AFFD4E53}.Release|Any CPU.ActiveCfg = Release|Any CPU
		{367B5294-464E-4A39-B288-5C65AFFD4E53}.Release|Any CPU.Build.0 = Release|Any CPU
		{6960DB03-5982-4349-A8C8-D74BB2825D64}.Debug|Any CPU.ActiveCfg = Debug|Any CPU
		{6960DB03-5982-4349-A8C8-D74BB2825D64}.Debug|Any CPU.Build.0 = Debug|Any CPU
		{6960DB03-5982-4349-A8C8-D74BB2825D64}.Release|Any CPU.ActiveCfg = Release|Any CPU
		{6960DB03-5982-4349-A8C8-D74BB2825D64}.Release|Any CPU.Build.0 = Release|Any CPU
		{70BFABC1-27BB-4962-B1D8-660D92C22E41}.Debug|Any CPU.ActiveCfg = Debug|Any CPU
		{70BFABC1-27BB-4962-B1D8-660D92C22E41}.Debug|Any CPU.Build.0 = Debug|Any CPU
		{70BFABC1-27BB-4962-B1D8-660D92C22E41}.Release|Any CPU.ActiveCfg = Release|Any CPU
		{70BFABC1-27BB-4962-B1D8-660D92C22E41}.Release|Any CPU.Build.0 = Release|Any CPU
		{C8B092E5-01B1-44A3-A267-FCD62973F16A}.Debug|Any CPU.ActiveCfg = Debug|Any CPU
		{C8B092E5-01B1-44A3-A267-FCD62973F16A}.Debug|Any CPU.Build.0 = Debug|Any CPU
		{C8B092E5-01B1-44A3-A267-FCD62973F16A}.Release|Any CPU.ActiveCfg = Release|Any CPU
		{C8B092E5-01B1-44A3-A267-FCD62973F16A}.Release|Any CPU.Build.0 = Release|Any CPU
		{783EFF80-A0F1-485D-B764-F11EB9642987}.Debug|Any CPU.ActiveCfg = Debug|Any CPU
		{783EFF80-A0F1-485D-B764-F11EB9642987}.Debug|Any CPU.Build.0 = Debug|Any CPU
		{783EFF80-A0F1-485D-B764-F11EB9642987}.Release|Any CPU.ActiveCfg = Release|Any CPU
		{783EFF80-A0F1-485D-B764-F11EB9642987}.Release|Any CPU.Build.0 = Release|Any CPU
		{1E378CF6-1BDD-46FF-AD51-75E1B33551CA}.Debug|Any CPU.ActiveCfg = Debug|Any CPU
		{1E378CF6-1BDD-46FF-AD51-75E1B33551CA}.Debug|Any CPU.Build.0 = Debug|Any CPU
		{1E378CF6-1BDD-46FF-AD51-75E1B33551CA}.Release|Any CPU.ActiveCfg = Release|Any CPU
		{1E378CF6-1BDD-46FF-AD51-75E1B33551CA}.Release|Any CPU.Build.0 = Release|Any CPU
		{DD502C15-F94D-48ED-8240-2F1C119D4938}.Debug|Any CPU.ActiveCfg = Debug|Any CPU
		{DD502C15-F94D-48ED-8240-2F1C119D4938}.Debug|Any CPU.Build.0 = Debug|Any CPU
		{DD502C15-F94D-48ED-8240-2F1C119D4938}.Release|Any CPU.ActiveCfg = Release|Any CPU
		{DD502C15-F94D-48ED-8240-2F1C119D4938}.Release|Any CPU.Build.0 = Release|Any CPU
	EndGlobalSection
	GlobalSection(SolutionProperties) = preSolution
		HideSolutionNode = FALSE
	EndGlobalSection
	GlobalSection(NestedProjects) = preSolution
		{367B5294-464E-4A39-B288-5C65AFFD4E53} = {131C6E4D-CF3B-404F-BB11-42C40184E00F}
		{7F9CBF5E-086D-4CD2-8C43-22DD136B4B57} = {131C6E4D-CF3B-404F-BB11-42C40184E00F}
		{6960DB03-5982-4349-A8C8-D74BB2825D64} = {7F9CBF5E-086D-4CD2-8C43-22DD136B4B57}
		{70BFABC1-27BB-4962-B1D8-660D92C22E41} = {13068B30-D27B-4EFF-8609-5EFC69E932FF}
		{A9ABCFC4-6C09-4026-8201-2846406D7656} = {131C6E4D-CF3B-404F-BB11-42C40184E00F}
		{C8B092E5-01B1-44A3-A267-FCD62973F16A} = {A9ABCFC4-6C09-4026-8201-2846406D7656}
		{783EFF80-A0F1-485D-B764-F11EB9642987} = {F58C25EE-FE84-4988-AE19-E7292C0C9563}
		{1E378CF6-1BDD-46FF-AD51-75E1B33551CA} = {1AD22232-E943-4D41-8E3A-F8600BEA4F96}
		{DD502C15-F94D-48ED-8240-2F1C119D4938} = {1AD22232-E943-4D41-8E3A-F8600BEA4F96}
	EndGlobalSection
	GlobalSection(ExtensibilityGlobals) = postSolution
		SolutionGuid = {2779202C-2263-431F-B692-E5BBC7C49DE6}
	EndGlobalSection
EndGlobal
